// !$*UTF8*$!
{
	archiveVersion = 1;
	classes = {
	};
	objectVersion = 46;
	objects = {

/* Begin PBXBuildFile section */
		6C7EF6301F3D485E00EEE0AF /* AppDelegate.swift in Sources */ = {isa = PBXBuildFile; fileRef = 6C7EF62F1F3D485E00EEE0AF /* AppDelegate.swift */; };
		6C7EF6321F3D485E00EEE0AF /* ViewController.swift in Sources */ = {isa = PBXBuildFile; fileRef = 6C7EF6311F3D485E00EEE0AF /* ViewController.swift */; };
		6C7EF6351F3D485E00EEE0AF /* Main.storyboard in Resources */ = {isa = PBXBuildFile; fileRef = 6C7EF6331F3D485E00EEE0AF /* Main.storyboard */; };
		6C7EF6371F3D485E00EEE0AF /* Assets.xcassets in Resources */ = {isa = PBXBuildFile; fileRef = 6C7EF6361F3D485E00EEE0AF /* Assets.xcassets */; };
		6C7EF63A1F3D485E00EEE0AF /* LaunchScreen.storyboard in Resources */ = {isa = PBXBuildFile; fileRef = 6C7EF6381F3D485E00EEE0AF /* LaunchScreen.storyboard */; };
/* End PBXBuildFile section */

/* Begin PBXFileReference section */
		6C7EF62C1F3D485E00EEE0AF /* swift_custom_camera.app */ = {isa = PBXFileReference; explicitFileType = wrapper.application; includeInIndex = 0; path = swift_custom_camera.app; sourceTree = BUILT_PRODUCTS_DIR; };
		6C7EF62F1F3D485E00EEE0AF /* AppDelegate.swift */ = {isa = PBXFileReference; lastKnownFileType = sourcecode.swift; path = AppDelegate.swift; sourceTree = "<group>"; };
		6C7EF6311F3D485E00EEE0AF /* ViewController.swift */ = {isa = PBXFileReference; lastKnownFileType = sourcecode.swift; path = ViewController.swift; sourceTree = "<group>"; };
		6C7EF6341F3D485E00EEE0AF /* Base */ = {isa = PBXFileReference; lastKnownFileType = file.storyboard; name = Base; path = Base.lproj/Main.storyboard; sourceTree = "<group>"; };
		6C7EF6361F3D485E00EEE0AF /* Assets.xcassets */ = {isa = PBXFileReference; lastKnownFileType = folder.assetcatalog; path = Assets.xcassets; sourceTree = "<group>"; };
		6C7EF6391F3D485E00EEE0AF /* Base */ = {isa = PBXFileReference; lastKnownFileType = file.storyboard; name = Base; path = Base.lproj/LaunchScreen.storyboard; sourceTree = "<group>"; };
		6C7EF63B1F3D485E00EEE0AF /* Info.plist */ = {isa = PBXFileReference; lastKnownFileType = text.plist.xml; path = Info.plist; sourceTree = "<group>"; };
/* End PBXFileReference section */

/* Begin PBXFrameworksBuildPhase section */
		6C7EF6291F3D485E00EEE0AF /* Frameworks */ = {
			isa = PBXFrameworksBuildPhase;
			buildActionMask = 2147483647;
			files = (
			);
			runOnlyForDeploymentPostprocessing = 0;
		};
/* End PBXFrameworksBuildPhase section */

/* Begin PBXGroup section */
		6C7EF6231F3D485E00EEE0AF = {
			isa = PBXGroup;
			children = (
				6C7EF62E1F3D485E00EEE0AF /* swift_custom_camera */,
				6C7EF62D1F3D485E00EEE0AF /* Products */,
			);
			sourceTree = "<group>";
		};
		6C7EF62D1F3D485E00EEE0AF /* Products */ = {
			isa = PBXGroup;
			children = (
				6C7EF62C1F3D485E00EEE0AF /* swift_custom_camera.app */,
			);
			name = Products;
			sourceTree = "<group>";
		};
		6C7EF62E1F3D485E00EEE0AF /* swift_custom_camera */ = {
			isa = PBXGroup;
			children = (
				6C7EF62F1F3D485E00EEE0AF /* AppDelegate.swift */,
				6C7EF6311F3D485E00EEE0AF /* ViewController.swift */,
				6C7EF6331F3D485E00EEE0AF /* Main.storyboard */,
				6C7EF6361F3D485E00EEE0AF /* Assets.xcassets */,
				6C7EF6381F3D485E00EEE0AF /* LaunchScreen.storyboard */,
				6C7EF63B1F3D485E00EEE0AF /* Info.plist */,
			);
			path = swift_custom_camera;
			sourceTree = "<group>";
		};
/* End PBXGroup section */

/* Begin PBXNativeTarget section */
		6C7EF62B1F3D485E00EEE0AF /* swift_custom_camera */ = {
			isa = PBXNativeTarget;
			buildConfigurationList = 6C7EF63E1F3D485E00EEE0AF /* Build configuration list for PBXNativeTarget "swift_custom_camera" */;
			buildPhases = (
				6C7EF6281F3D485E00EEE0AF /* Sources */,
				6C7EF6291F3D485E00EEE0AF /* Frameworks */,
				6C7EF62A1F3D485E00EEE0AF /* Resources */,
			);
			buildRules = (
			);
			dependencies = (
			);
			name = swift_custom_camera;
			productName = swift_custom_camera;
			productReference = 6C7EF62C1F3D485E00EEE0AF /* swift_custom_camera.app */;
			productType = "com.apple.product-type.application";
		};
/* End PBXNativeTarget section */

/* Begin PBXProject section */
		6C7EF6241F3D485E00EEE0AF /* Project object */ = {
			isa = PBXProject;
			attributes = {
				LastSwiftUpdateCheck = 0830;
				LastUpgradeCheck = 0830;
				ORGANIZATIONNAME = "Shaoting Zhou";
				TargetAttributes = {
					6C7EF62B1F3D485E00EEE0AF = {
						CreatedOnToolsVersion = 8.3.3;
						DevelopmentTeam = U4629HP3VA;
						ProvisioningStyle = Automatic;
					};
				};
			};
			buildConfigurationList = 6C7EF6271F3D485E00EEE0AF /* Build configuration list for PBXProject "swift_custom_camera" */;
			compatibilityVersion = "Xcode 3.2";
			developmentRegion = English;
			hasScannedForEncodings = 0;
			knownRegions = (
				en,
				Base,
			);
			mainGroup = 6C7EF6231F3D485E00EEE0AF;
			productRefGroup = 6C7EF62D1F3D485E00EEE0AF /* Products */;
			projectDirPath = "";
			projectRoot = "";
			targets = (
				6C7EF62B1F3D485E00EEE0AF /* swift_custom_camera */,
			);
		};
/* End PBXProject section */

/* Begin PBXResourcesBuildPhase section */
		6C7EF62A1F3D485E00EEE0AF /* Resources */ = {
			isa = PBXResourcesBuildPhase;
			buildActionMask = 2147483647;
			files = (
				6C7EF63A1F3D485E00EEE0AF /* LaunchScreen.storyboard in Resources */,
				6C7EF6371F3D485E00EEE0AF /* Assets.xcassets in Resources */,
				6C7EF6351F3D485E00EEE0AF /* Main.storyboard in Resources */,
			);
			runOnlyForDeploymentPostprocessing = 0;
		};
/* End PBXResourcesBuildPhase section */

/* Begin PBXSourcesBuildPhase section */
		6C7EF6281F3D485E00EEE0AF /* Sources */ = {
			isa = PBXSourcesBuildPhase;
			buildActionMask = 2147483647;
			files = (
				6C7EF6321F3D485E00EEE0AF /* ViewController.swift in Sources */,
				6C7EF6301F3D485E00EEE0AF /* AppDelegate.swift in Sources */,
			);
			runOnlyForDeploymentPostprocessing = 0;
		};
/* End PBXSourcesBuildPhase section */

/* Begin PBXVariantGroup section */
		6C7EF6331F3D485E00EEE0AF /* Main.storyboard */ = {
			isa = PBXVariantGroup;
			children = (
				6C7EF6341F3D485E00EEE0AF /* Base */,
			);
			name = Main.storyboard;
			sourceTree = "<group>";
		};
		6C7EF6381F3D485E00EEE0AF /* LaunchScreen.storyboard */ = {
			isa = PBXVariantGroup;
			children = (
				6C7EF6391F3D485E00EEE0AF /* Base */,
			);
			name = LaunchScreen.storyboard;
			sourceTree = "<group>";
		};
/* End PBXVariantGroup section */

/* Begin XCBuildConfiguration section */
		6C7EF63C1F3D485E00EEE0AF /* Debug */ = {
			isa = XCBuildConfiguration;
			buildSettings = {
				ALWAYS_SEARCH_USER_PATHS = NO;
				CLANG_ANALYZER_NONNULL = YES;
				CLANG_ANALYZER_NUMBER_OBJECT_CONVERSION = YES_AGGRESSIVE;
				CLANG_CXX_LANGUAGE_STANDARD = "gnu++0x";
				CLANG_CXX_LIBRARY = "libc++";
				CLANG_ENABLE_MODULES = YES;
				CLANG_ENABLE_OBJC_ARC = YES;
				CLANG_WARN_BOOL_CONVERSION = YES;
				CLANG_WARN_CONSTANT_CONVERSION = YES;
				CLANG_WARN_DIRECT_OBJC_ISA_USAGE = YES_ERROR;
				CLANG_WARN_DOCUMENTATION_COMMENTS = YES;
				CLANG_WARN_EMPTY_BODY = YES;
				CLANG_WARN_ENUM_CONVERSION = YES;
				CLANG_WARN_INFINITE_RECURSION = YES;
				CLANG_WARN_INT_CONVERSION = YES;
				CLANG_WARN_OBJC_ROOT_CLASS = YES_ERROR;
				CLANG_WARN_SUSPICIOUS_MOVE = YES;
				CLANG_WARN_UNREACHABLE_CODE = YES;
				CLANG_WARN__DUPLICATE_METHOD_MATCH = YES;
				"CODE_SIGN_IDENTITY[sdk=iphoneos*]" = "iPhone Developer";
				COPY_PHASE_STRIP = NO;
				DEBUG_INFORMATION_FORMAT = dwarf;
				ENABLE_STRICT_OBJC_MSGSEND = YES;
				ENABLE_TESTABILITY = YES;
				GCC_C_LANGUAGE_STANDARD = gnu99;
				GCC_DYNAMIC_NO_PIC = NO;
				GCC_NO_COMMON_BLOCKS = YES;
				GCC_OPTIMIZATION_LEVEL = 0;
				GCC_PREPROCESSOR_DEFINITIONS = (
					"DEBUG=1",
					"$(inherited)",
				);
				GCC_WARN_64_TO_32_BIT_CONVERSION = YES;
				GCC_WARN_ABOUT_RETURN_TYPE = YES_ERROR;
				GCC_WARN_UNDECLARED_SELECTOR = YES;
				GCC_WARN_UNINITIALIZED_AUTOS = YES_AGGRESSIVE;
				GCC_WARN_UNUSED_FUNCTION = YES;
				GCC_WARN_UNUSED_VARIABLE = YES;
				IPHONEOS_DEPLOYMENT_TARGET = 10.3;
				MTL_ENABLE_DEBUG_INFO = YES;
				ONLY_ACTIVE_ARCH = YES;
				SDKROOT = iphoneos;
				SWIFT_ACTIVE_COMPILATION_CONDITIONS = DEBUG;
				SWIFT_OPTIMIZATION_LEVEL = "-Onone";
			};
			name = Debug;
		};
		6C7EF63D1F3D485E00EEE0AF /* Release */ = {
			isa = XCBuildConfiguration;
			buildSettings = {
				ALWAYS_SEARCH_USER_PATHS = NO;
				CLANG_ANALYZER_NONNULL = YES;
				CLANG_ANALYZER_NUMBER_OBJECT_CONVERSION = YES_AGGRESSIVE;
				CLANG_CXX_LANGUAGE_STANDARD = "gnu++0x";
				CLANG_CXX_LIBRARY = "libc++";
				CLANG_ENABLE_MODULES = YES;
				CLANG_ENABLE_OBJC_ARC = YES;
				CLANG_WARN_BOOL_CONVERSION = YES;
				CLANG_WARN_CONSTANT_CONVERSION = YES;
				CLANG_WARN_DIRECT_OBJC_ISA_USAGE = YES_ERROR;
				CLANG_WARN_DOCUMENTATION_COMMENTS = YES;
				CLANG_WARN_EMPTY_BODY = YES;
				CLANG_WARN_ENUM_CONVERSION = YES;
				CLANG_WARN_INFINITE_RECURSION = YES;
				CLANG_WARN_INT_CONVERSION = YES;
				CLANG_WARN_OBJC_ROOT_CLASS = YES_ERROR;
				CLANG_WARN_SUSPICIOUS_MOVE = YES;
				CLANG_WARN_UNREACHABLE_CODE = YES;
				CLANG_WARN__DUPLICATE_METHOD_MATCH = YES;
				"CODE_SIGN_IDENTITY[sdk=iphoneos*]" = "iPhone Developer";
				COPY_PHASE_STRIP = NO;
				DEBUG_INFORMATION_FORMAT = "dwarf-with-dsym";
				ENABLE_NS_ASSERTIONS = NO;
				ENABLE_STRICT_OBJC_MSGSEND = YES;
				GCC_C_LANGUAGE_STANDARD = gnu99;
				GCC_NO_COMMON_BLOCKS = YES;
				GCC_WARN_64_TO_32_BIT_CONVERSION = YES;
				GCC_WARN_ABOUT_RETURN_TYPE = YES_ERROR;
				GCC_WARN_UNDECLARED_SELECTOR = YES;
				GCC_WARN_UNINITIALIZED_AUTOS = YES_AGGRESSIVE;
				GCC_WARN_UNUSED_FUNCTION = YES;
				GCC_WARN_UNUSED_VARIABLE = YES;
				IPHONEOS_DEPLOYMENT_TARGET = 10.3;
				MTL_ENABLE_DEBUG_INFO = NO;
				SDKROOT = iphoneos;
				SWIFT_OPTIMIZATION_LEVEL = "-Owholemodule";
				VALIDATE_PRODUCT = YES;
			};
			name = Release;
		};
		6C7EF63F1F3D485E00EEE0AF /* Debug */ = {
			isa = XCBuildConfiguration;
			buildSettings = {
				ASSETCATALOG_COMPILER_APPICON_NAME = AppIcon;
				DEVELOPMENT_TEAM = U4629HP3VA;
				INFOPLIST_FILE = swift_custom_camera/Info.plist;
				LD_RUNPATH_SEARCH_PATHS = "$(inherited) @executable_path/Frameworks";
				PRODUCT_BUNDLE_IDENTIFIER = "--.swift-custom-camera";
				PRODUCT_NAME = "$(TARGET_NAME)";
				SWIFT_VERSION = 3.0;
			};
			name = Debug;
		};
		6C7EF6401F3D485E00EEE0AF /* Release */ = {
			isa = XCBuildConfiguration;
			buildSettings = {
				ASSETCATALOG_COMPILER_APPICON_NAME = AppIcon;
				DEVELOPMENT_TEAM = U4629HP3VA;
				INFOPLIST_FILE = swift_custom_camera/Info.plist;
				LD_RUNPATH_SEARCH_PATHS = "$(inherited) @executable_path/Frameworks";
				PRODUCT_BUNDLE_IDENTIFIER = "--.swift-custom-camera";
				PRODUCT_NAME = "$(TARGET_NAME)";
				SWIFT_VERSION = 3.0;
			};
			name = Release;
		};
/* End XCBuildConfiguration section */

/* Begin XCConfigurationList section */
		6C7EF6271F3D485E00EEE0AF /* Build configuration list for PBXProject "swift_custom_camera" */ = {
			isa = XCConfigurationList;
			buildConfigurations = (
				6C7EF63C1F3D485E00EEE0AF /* Debug */,
				6C7EF63D1F3D485E00EEE0AF /* Release */,
			);
			defaultConfigurationIsVisible = 0;
			defaultConfigurationName = Release;
		};
		6C7EF63E1F3D485E00EEE0AF /* Build configuration list for PBXNativeTarget "swift_custom_camera" */ = {
			isa = XCConfigurationList;
			buildConfigurations = (
				6C7EF63F1F3D485E00EEE0AF /* Debug */,
				6C7EF6401F3D485E00EEE0AF /* Release */,
			);
			defaultConfigurationIsVisible = 0;
		};
/* End XCConfigurationList section */
	};
	rootObject = 6C7EF6241F3D485E00EEE0AF /* Project object */;
}
